
Microsoft Visual Studio Solution File, Format Version 12.00
# Visual Studio Version 16
VisualStudioVersion = 16.0.31129.286
MinimumVisualStudioVersion = 10.0.40219.1
Project("{8BC9CEB8-8B4A-11D0-8D11-00A0C91BC942}") = "Lab4th", "Lab4th\Lab4th.vcxproj", "{EC5DBC0E-F6F4-47F7-995F-DB62DD9FC534}"
EndProject
Global
	GlobalSection(SolutionConfigurationPlatforms) = preSolution
		Debug|x64 = Debug|x64
		Debug|x86 = Debug|x86
		Release|x64 = Release|x64
		Release|x86 = Release|x86
	EndGlobalSection
	GlobalSection(ProjectConfigurationPlatforms) = postSolution
		{EC5DBC0E-F6F4-47F7-995F-DB62DD9FC534}.Debug|x64.ActiveCfg = Debug|x64
		{EC5DBC0E-F6F4-47F7-995F-DB62DD9FC534}.Debug|x64.Build.0 = Debug|x64
		{EC5DBC0E-F6F4-47F7-995F-DB62DD9FC534}.Debug|x86.ActiveCfg = Debug|Win32
		{EC5DBC0E-F6F4-47F7-995F-DB62DD9FC534}.Debug|x86.Build.0 = Debug|Win32
		{EC5DBC0E-F6F4-47F7-995F-DB62DD9FC534}.Release|x64.ActiveCfg = Release|x64
		{EC5DBC0E-F6F4-47F7-995F-DB62DD9FC534}.Release|x64.Build.0 = Release|x64
		{EC5DBC0E-F6F4-47F7-995F-DB62DD9FC534}.Release|x86.ActiveCfg = Release|Win32
		{EC5DBC0E-F6F4-47F7-995F-DB62DD9FC534}.Release|x86.Build.0 = Release|Win32
	EndGlobalSection
	GlobalSection(SolutionProperties) = preSolution
		HideSolutionNode = FALSE
	EndGlobalSection
	GlobalSection(ExtensibilityGlobals) = postSolution
		SolutionGuid = {A3C894BE-A968-4E61-A239-2DA852D1D727}
	EndGlobalSection
EndGlobal
